
Microsoft Visual Studio Solution File, Format Version 12.00
Project("{FAE04EC0-301F-11D3-BF4B-00C04F79EFBC}") = "LearnDependantTypes", "LearnDependantTypes\LearnDependantTypes.csproj", "{C82FBFA2-C1AA-4E00-A33C-E4CBBF135C31}"
EndProject
Global
	GlobalSection(SolutionConfigurationPlatforms) = preSolution
		Debug|Any CPU = Debug|Any CPU
		Release|Any CPU = Release|Any CPU
	EndGlobalSection
	GlobalSection(ProjectConfigurationPlatforms) = postSolution
		{C82FBFA2-C1AA-4E00-A33C-E4CBBF135C31}.Debug|Any CPU.ActiveCfg = Debug|Any CPU
		{C82FBFA2-C1AA-4E00-A33C-E4CBBF135C31}.Debug|Any CPU.Build.0 = Debug|Any CPU
		{C82FBFA2-C1AA-4E00-A33C-E4CBBF135C31}.Release|Any CPU.ActiveCfg = Release|Any CPU
		{C82FBFA2-C1AA-4E00-A33C-E4CBBF135C31}.Release|Any CPU.Build.0 = Release|Any CPU
	EndGlobalSection
EndGlobal
